
Microsoft Visual Studio Solution File, Format Version 12.00
# Visual Studio Version 16
VisualStudioVersion = 16.0.28803.202
MinimumVisualStudioVersion = 10.0.40219.1
Project("{FAE04EC0-301F-11D3-BF4B-00C04F79EFBC}") = "RestWithASPNETUdemy", "RestWithASPNETUdemy\RestWithASPNETUdemy.csproj", "{F3B7E15A-2164-43B4-9854-4CC9223DB012}"
EndProject
Global
	GlobalSection(SolutionConfigurationPlatforms) = preSolution
		Debug|Any CPU = Debug|Any CPU
		Release|Any CPU = Release|Any CPU
	EndGlobalSection
	GlobalSection(ProjectConfigurationPlatforms) = postSolution
		{F3B7E15A-2164-43B4-9854-4CC9223DB012}.Debug|Any CPU.ActiveCfg = Debug|Any CPU
		{F3B7E15A-2164-43B4-9854-4CC9223DB012}.Debug|Any CPU.Build.0 = Debug|Any CPU
		{F3B7E15A-2164-43B4-9854-4CC9223DB012}.Release|Any CPU.ActiveCfg = Release|Any CPU
		{F3B7E15A-2164-43B4-9854-4CC9223DB012}.Release|Any CPU.Build.0 = Release|Any CPU
	EndGlobalSection
	GlobalSection(SolutionProperties) = preSolution
		HideSolutionNode = FALSE
	EndGlobalSection
	GlobalSection(ExtensibilityGlobals) = postSolution
		SolutionGuid = {8BF70ACB-AB5E-4049-A453-A633B2964A45}
	EndGlobalSection
EndGlobal
